// !$*UTF8*$!
{
	archiveVersion = 1;
	classes = {
	};
	objectVersion = 46;
	objects = {

/* Begin PBXBuildFile section */
		BE5035CC161E6459000C4AC7 /* UIKit.framework in Frameworks */ = {isa = PBXBuildFile; fileRef = BE5035CB161E6459000C4AC7 /* UIKit.framework */; };
		BE5035CE161E6459000C4AC7 /* Foundation.framework in Frameworks */ = {isa = PBXBuildFile; fileRef = BE5035CD161E6459000C4AC7 /* Foundation.framework */; };
		BE5035D0161E6459000C4AC7 /* CoreGraphics.framework in Frameworks */ = {isa = PBXBuildFile; fileRef = BE5035CF161E6459000C4AC7 /* CoreGraphics.framework */; };
		BE5035D6161E6459000C4AC7 /* InfoPlist.strings in Resources */ = {isa = PBXBuildFile; fileRef = BE5035D4161E6459000C4AC7 /* InfoPlist.strings */; };
		BE5035D8161E6459000C4AC7 /* main.m in Sources */ = {isa = PBXBuildFile; fileRef = BE5035D7161E6459000C4AC7 /* main.m */; };
		BE5035DC161E6459000C4AC7 /* AppDelegate.m in Sources */ = {isa = PBXBuildFile; fileRef = BE5035DB161E6459000C4AC7 /* AppDelegate.m */; };
		BE5035DE161E6459000C4AC7 /* Default.png in Resources */ = {isa = PBXBuildFile; fileRef = BE5035DD161E6459000C4AC7 /* Default.png */; };
		BE5035E0161E6459000C4AC7 /* Default@2x.png in Resources */ = {isa = PBXBuildFile; fileRef = BE5035DF161E6459000C4AC7 /* Default@2x.png */; };
		BE5035E2161E6459000C4AC7 /* Default-568h@2x.png in Resources */ = {isa = PBXBuildFile; fileRef = BE5035E1161E6459000C4AC7 /* Default-568h@2x.png */; };
		BE5035E5161E6459000C4AC7 /* MainStoryboard.storyboard in Resources */ = {isa = PBXBuildFile; fileRef = BE5035E3161E6459000C4AC7 /* MainStoryboard.storyboard */; };
		BE5035E8161E6459000C4AC7 /* ViewController.m in Sources */ = {isa = PBXBuildFile; fileRef = BE5035E7161E6459000C4AC7 /* ViewController.m */; };
		BE5035F0161E6481000C4AC7 /* OurData.m in Sources */ = {isa = PBXBuildFile; fileRef = BE5035EF161E6481000C4AC7 /* OurData.m */; };
/* End PBXBuildFile section */

/* Begin PBXFileReference section */
		BE5035C7161E6459000C4AC7 /* TableViewExample.app */ = {isa = PBXFileReference; explicitFileType = wrapper.application; includeInIndex = 0; path = TableViewExample.app; sourceTree = BUILT_PRODUCTS_DIR; };
		BE5035CB161E6459000C4AC7 /* UIKit.framework */ = {isa = PBXFileReference; lastKnownFileType = wrapper.framework; name = UIKit.framework; path = System/Library/Frameworks/UIKit.framework; sourceTree = SDKROOT; };
		BE5035CD161E6459000C4AC7 /* Foundation.framework */ = {isa = PBXFileReference; lastKnownFileType = wrapper.framework; name = Foundation.framework; path = System/Library/Frameworks/Foundation.framework; sourceTree = SDKROOT; };
		BE5035CF161E6459000C4AC7 /* CoreGraphics.framework */ = {isa = PBXFileReference; lastKnownFileType = wrapper.framework; name = CoreGraphics.framework; path = System/Library/Frameworks/CoreGraphics.framework; sourceTree = SDKROOT; };
		BE5035D3161E6459000C4AC7 /* TableViewExample-Info.plist */ = {isa = PBXFileReference; lastKnownFileType = text.plist.xml; path = "TableViewExample-Info.plist"; sourceTree = "<group>"; };
		BE5035D5161E6459000C4AC7 /* en */ = {isa = PBXFileReference; lastKnownFileType = text.plist.strings; name = en; path = en.lproj/InfoPlist.strings; sourceTree = "<group>"; };
		BE5035D7161E6459000C4AC7 /* main.m */ = {isa = PBXFileReference; lastKnownFileType = sourcecode.c.objc; path = main.m; sourceTree = "<group>"; };
		BE5035D9161E6459000C4AC7 /* TableViewExample-Prefix.pch */ = {isa = PBXFileReference; lastKnownFileType = sourcecode.c.h; path = "TableViewExample-Prefix.pch"; sourceTree = "<group>"; };
		BE5035DA161E6459000C4AC7 /* AppDelegate.h */ = {isa = PBXFileReference; lastKnownFileType = sourcecode.c.h; path = AppDelegate.h; sourceTree = "<group>"; };
		BE5035DB161E6459000C4AC7 /* AppDelegate.m */ = {isa = PBXFileReference; lastKnownFileType = sourcecode.c.objc; path = AppDelegate.m; sourceTree = "<group>"; };
		BE5035DD161E6459000C4AC7 /* Default.png */ = {isa = PBXFileReference; lastKnownFileType = image.png; path = Default.png; sourceTree = "<group>"; };
		BE5035DF161E6459000C4AC7 /* Default@2x.png */ = {isa = PBXFileReference; lastKnownFileType = image.png; path = "Default@2x.png"; sourceTree = "<group>"; };
		BE5035E1161E6459000C4AC7 /* Default-568h@2x.png */ = {isa = PBXFileReference; lastKnownFileType = image.png; path = "Default-568h@2x.png"; sourceTree = "<group>"; };
		BE5035E4161E6459000C4AC7 /* en */ = {isa = PBXFileReference; lastKnownFileType = file.storyboard; name = en; path = en.lproj/MainStoryboard.storyboard; sourceTree = "<group>"; };
		BE5035E6161E6459000C4AC7 /* ViewController.h */ = {isa = PBXFileReference; lastKnownFileType = sourcecode.c.h; path = ViewController.h; sourceTree = "<group>"; };
		BE5035E7161E6459000C4AC7 /* ViewController.m */ = {isa = PBXFileReference; lastKnownFileType = sourcecode.c.objc; path = ViewController.m; sourceTree = "<group>"; };
		BE5035EE161E6481000C4AC7 /* OurData.h */ = {isa = PBXFileReference; fileEncoding = 4; lastKnownFileType = sourcecode.c.h; name = OurData.h; path = ../OurData.h; sourceTree = "<group>"; };
		BE5035EF161E6481000C4AC7 /* OurData.m */ = {isa = PBXFileReference; fileEncoding = 4; lastKnownFileType = sourcecode.c.objc; name = OurData.m; path = ../OurData.m; sourceTree = "<group>"; };
/* End PBXFileReference section */

/* Begin PBXFrameworksBuildPhase section */
		BE5035C4161E6459000C4AC7 /* Frameworks */ = {
			isa = PBXFrameworksBuildPhase;
			buildActionMask = 2147483647;
			files = (
				BE5035CC161E6459000C4AC7 /* UIKit.framework in Frameworks */,
				BE5035CE161E6459000C4AC7 /* Foundation.framework in Frameworks */,
				BE5035D0161E6459000C4AC7 /* CoreGraphics.framework in Frameworks */,
			);
			runOnlyForDeploymentPostprocessing = 0;
		};
/* End PBXFrameworksBuildPhase section */

/* Begin PBXGroup section */
		BE5035BC161E6458000C4AC7 = {
			isa = PBXGroup;
			children = (
				BE5035D1161E6459000C4AC7 /* TableViewExample */,
				BE5035CA161E6459000C4AC7 /* Frameworks */,
				BE5035C8161E6459000C4AC7 /* Products */,
			);
			sourceTree = "<group>";
		};
		BE5035C8161E6459000C4AC7 /* Products */ = {
			isa = PBXGroup;
			children = (
				BE5035C7161E6459000C4AC7 /* TableViewExample.app */,
			);
			name = Products;
			sourceTree = "<group>";
		};
		BE5035CA161E6459000C4AC7 /* Frameworks */ = {
			isa = PBXGroup;
			children = (
				BE5035CB161E6459000C4AC7 /* UIKit.framework */,
				BE5035CD161E6459000C4AC7 /* Foundation.framework */,
				BE5035CF161E6459000C4AC7 /* CoreGraphics.framework */,
			);
			name = Frameworks;
			sourceTree = "<group>";
		};
		BE5035D1161E6459000C4AC7 /* TableViewExample */ = {
			isa = PBXGroup;
			children = (
				BE5035EE161E6481000C4AC7 /* OurData.h */,
				BE5035EF161E6481000C4AC7 /* OurData.m */,
				BE5035DA161E6459000C4AC7 /* AppDelegate.h */,
				BE5035DB161E6459000C4AC7 /* AppDelegate.m */,
				BE5035E3161E6459000C4AC7 /* MainStoryboard.storyboard */,
				BE5035E6161E6459000C4AC7 /* ViewController.h */,
				BE5035E7161E6459000C4AC7 /* ViewController.m */,
				BE5035D2161E6459000C4AC7 /* Supporting Files */,
			);
			path = TableViewExample;
			sourceTree = "<group>";
		};
		BE5035D2161E6459000C4AC7 /* Supporting Files */ = {
			isa = PBXGroup;
			children = (
				BE5035D3161E6459000C4AC7 /* TableViewExample-Info.plist */,
				BE5035D4161E6459000C4AC7 /* InfoPlist.strings */,
				BE5035D7161E6459000C4AC7 /* main.m */,
				BE5035D9161E6459000C4AC7 /* TableViewExample-Prefix.pch */,
				BE5035DD161E6459000C4AC7 /* Default.png */,
				BE5035DF161E6459000C4AC7 /* Default@2x.png */,
				BE5035E1161E6459000C4AC7 /* Default-568h@2x.png */,
			);
			name = "Supporting Files";
			sourceTree = "<group>";
		};
/* End PBXGroup section */

/* Begin PBXNativeTarget section */
		BE5035C6161E6459000C4AC7 /* TableViewExample */ = {
			isa = PBXNativeTarget;
			buildConfigurationList = BE5035EB161E6459000C4AC7 /* Build configuration list for PBXNativeTarget "TableViewExample" */;
			buildPhases = (
				BE5035C3161E6459000C4AC7 /* Sources */,
				BE5035C4161E6459000C4AC7 /* Frameworks */,
				BE5035C5161E6459000C4AC7 /* Resources */,
			);
			buildRules = (
			);
			dependencies = (
			);
			name = TableViewExample;
			productName = TableViewExample;
			productReference = BE5035C7161E6459000C4AC7 /* TableViewExample.app */;
			productType = "com.apple.product-type.application";
		};
/* End PBXNativeTarget section */

/* Begin PBXProject section */
		BE5035BE161E6458000C4AC7 /* Project object */ = {
			isa = PBXProject;
			attributes = {
				LastUpgradeCheck = 0450;
				ORGANIZATIONNAME = testuser;
			};
			buildConfigurationList = BE5035C1161E6458000C4AC7 /* Build configuration list for PBXProject "TableViewExample" */;
			compatibilityVersion = "Xcode 3.2";
			developmentRegion = English;
			hasScannedForEncodings = 0;
			knownRegions = (
				en,
			);
			mainGroup = BE5035BC161E6458000C4AC7;
			productRefGroup = BE5035C8161E6459000C4AC7 /* Products */;
			projectDirPath = "";
			projectRoot = "";
			targets = (
				BE5035C6161E6459000C4AC7 /* TableViewExample */,
			);
		};
/* End PBXProject section */

/* Begin PBXResourcesBuildPhase section */
		BE5035C5161E6459000C4AC7 /* Resources */ = {
			isa = PBXResourcesBuildPhase;
			buildActionMask = 2147483647;
			files = (
				BE5035D6161E6459000C4AC7 /* InfoPlist.strings in Resources */,
				BE5035DE161E6459000C4AC7 /* Default.png in Resources */,
				BE5035E0161E6459000C4AC7 /* Default@2x.png in Resources */,
				BE5035E2161E6459000C4AC7 /* Default-568h@2x.png in Resources */,
				BE5035E5161E6459000C4AC7 /* MainStoryboard.storyboard in Resources */,
			);
			runOnlyForDeploymentPostprocessing = 0;
		};
/* End PBXResourcesBuildPhase section */

/* Begin PBXSourcesBuildPhase section */
		BE5035C3161E6459000C4AC7 /* Sources */ = {
			isa = PBXSourcesBuildPhase;
			buildActionMask = 2147483647;
			files = (
				BE5035D8161E6459000C4AC7 /* main.m in Sources */,
				BE5035DC161E6459000C4AC7 /* AppDelegate.m in Sources */,
				BE5035E8161E6459000C4AC7 /* ViewController.m in Sources */,
				BE5035F0161E6481000C4AC7 /* OurData.m in Sources */,
			);
			runOnlyForDeploymentPostprocessing = 0;
		};
/* End PBXSourcesBuildPhase section */

/* Begin PBXVariantGroup section */
		BE5035D4161E6459000C4AC7 /* InfoPlist.strings */ = {
			isa = PBXVariantGroup;
			children = (
				BE5035D5161E6459000C4AC7 /* en */,
			);
			name = InfoPlist.strings;
			sourceTree = "<group>";
		};
		BE5035E3161E6459000C4AC7 /* MainStoryboard.storyboard */ = {
			isa = PBXVariantGroup;
			children = (
				BE5035E4161E6459000C4AC7 /* en */,
			);
			name = MainStoryboard.storyboard;
			sourceTree = "<group>";
		};
/* End PBXVariantGroup section */

/* Begin XCBuildConfiguration section */
		BE5035E9161E6459000C4AC7 /* Debug */ = {
			isa = XCBuildConfiguration;
			buildSettings = {
				ALWAYS_SEARCH_USER_PATHS = NO;
				CLANG_CXX_LANGUAGE_STANDARD = "gnu++0x";
				CLANG_CXX_LIBRARY = "libc++";
				CLANG_ENABLE_OBJC_ARC = YES;
				CLANG_WARN_EMPTY_BODY = YES;
				CLANG_WARN__DUPLICATE_METHOD_MATCH = YES;
				"CODE_SIGN_IDENTITY[sdk=iphoneos*]" = "iPhone Developer";
				COPY_PHASE_STRIP = NO;
				GCC_C_LANGUAGE_STANDARD = gnu99;
				GCC_DYNAMIC_NO_PIC = NO;
				GCC_OPTIMIZATION_LEVEL = 0;
				GCC_PREPROCESSOR_DEFINITIONS = (
					"DEBUG=1",
					"$(inherited)",
				);
				GCC_SYMBOLS_PRIVATE_EXTERN = NO;
				GCC_WARN_ABOUT_RETURN_TYPE = YES;
				GCC_WARN_UNINITIALIZED_AUTOS = YES;
				GCC_WARN_UNUSED_VARIABLE = YES;
				IPHONEOS_DEPLOYMENT_TARGET = 6.0;
				SDKROOT = iphoneos;
			};
			name = Debug;
		};
		BE5035EA161E6459000C4AC7 /* Release */ = {
			isa = XCBuildConfiguration;
			buildSettings = {
				ALWAYS_SEARCH_USER_PATHS = NO;
				CLANG_CXX_LANGUAGE_STANDARD = "gnu++0x";
				CLANG_CXX_LIBRARY = "libc++";
				CLANG_ENABLE_OBJC_ARC = YES;
				CLANG_WARN_EMPTY_BODY = YES;
				CLANG_WARN__DUPLICATE_METHOD_MATCH = YES;
				"CODE_SIGN_IDENTITY[sdk=iphoneos*]" = "iPhone Developer";
				COPY_PHASE_STRIP = YES;
				GCC_C_LANGUAGE_STANDARD = gnu99;
				GCC_WARN_ABOUT_RETURN_TYPE = YES;
				GCC_WARN_UNINITIALIZED_AUTOS = YES;
				GCC_WARN_UNUSED_VARIABLE = YES;
				IPHONEOS_DEPLOYMENT_TARGET = 6.0;
				OTHER_CFLAGS = "-DNS_BLOCK_ASSERTIONS=1";
				SDKROOT = iphoneos;
				VALIDATE_PRODUCT = YES;
			};
			name = Release;
		};
		BE5035EC161E6459000C4AC7 /* Debug */ = {
			isa = XCBuildConfiguration;
			buildSettings = {
				GCC_PRECOMPILE_PREFIX_HEADER = YES;
				GCC_PREFIX_HEADER = "TableViewExample/TableViewExample-Prefix.pch";
				INFOPLIST_FILE = "TableViewExample/TableViewExample-Info.plist";
				PRODUCT_NAME = "$(TARGET_NAME)";
				WRAPPER_EXTENSION = app;
			};
			name = Debug;
		};
		BE5035ED161E6459000C4AC7 /* Release */ = {
			isa = XCBuildConfiguration;
			buildSettings = {
				GCC_PRECOMPILE_PREFIX_HEADER = YES;
				GCC_PREFIX_HEADER = "TableViewExample/TableViewExample-Prefix.pch";
				INFOPLIST_FILE = "TableViewExample/TableViewExample-Info.plist";
				PRODUCT_NAME = "$(TARGET_NAME)";
				WRAPPER_EXTENSION = app;
			};
			name = Release;
		};
/* End XCBuildConfiguration section */

/* Begin XCConfigurationList section */
		BE5035C1161E6458000C4AC7 /* Build configuration list for PBXProject "TableViewExample" */ = {
			isa = XCConfigurationList;
			buildConfigurations = (
				BE5035E9161E6459000C4AC7 /* Debug */,
				BE5035EA161E6459000C4AC7 /* Release */,
			);
			defaultConfigurationIsVisible = 0;
			defaultConfigurationName = Release;
		};
		BE5035EB161E6459000C4AC7 /* Build configuration list for PBXNativeTarget "TableViewExample" */ = {
			isa = XCConfigurationList;
			buildConfigurations = (
				BE5035EC161E6459000C4AC7 /* Debug */,
				BE5035ED161E6459000C4AC7 /* Release */,
			);
			defaultConfigurationIsVisible = 0;
		};
/* End XCConfigurationList section */
	};
	rootObject = BE5035BE161E6458000C4AC7 /* Project object */;
}
